
Microsoft Visual Studio Solution File, Format Version 12.00
# Visual Studio 15
VisualStudioVersion = 15.0.27130.2027
MinimumVisualStudioVersion = 10.0.40219.1
Project("{FAE04EC0-301F-11D3-BF4B-00C04F79EFBC}") = "Client", "Stacked_Grid_Client\Client.csproj", "{2313FB6E-B8E1-44CE-B67A-08CA08321297}"
EndProject
Global
	GlobalSection(SolutionConfigurationPlatforms) = preSolution
		Debug|Any CPU = Debug|Any CPU
		Release|Any CPU = Release|Any CPU
	EndGlobalSection
	GlobalSection(ProjectConfigurationPlatforms) = postSolution
		{2313FB6E-B8E1-44CE-B67A-08CA08321297}.Debug|Any CPU.ActiveCfg = Debug|Any CPU
		{2313FB6E-B8E1-44CE-B67A-08CA08321297}.Debug|Any CPU.Build.0 = Debug|Any CPU
		{2313FB6E-B8E1-44CE-B67A-08CA08321297}.Release|Any CPU.ActiveCfg = Release|Any CPU
		{2313FB6E-B8E1-44CE-B67A-08CA08321297}.Release|Any CPU.Build.0 = Release|Any CPU
	EndGlobalSection
	GlobalSection(SolutionProperties) = preSolution
		HideSolutionNode = FALSE
	EndGlobalSection
	GlobalSection(ExtensibilityGlobals) = postSolution
		SolutionGuid = {27F585E8-8D02-40C8-B496-7D2BB0AB5331}
	EndGlobalSection
EndGlobal
